// !$*UTF8*$!
{
	archiveVersion = 1;
	classes = {
	};
	objectVersion = 56;
	objects = {

/* Begin PBXBuildFile section */
		90747B522B27611600C4140D /* AltACSApp.swift in Sources */ = {isa = PBXBuildFile; fileRef = 90747B512B27611600C4140D /* AltACSApp.swift */; };
		90747B562B27611700C4140D /* Assets.xcassets in Resources */ = {isa = PBXBuildFile; fileRef = 90747B552B27611700C4140D /* Assets.xcassets */; };
		90747B592B27611700C4140D /* Preview Assets.xcassets in Resources */ = {isa = PBXBuildFile; fileRef = 90747B582B27611700C4140D /* Preview Assets.xcassets */; };
		90747B632B27611700C4140D /* AltACSTests.swift in Sources */ = {isa = PBXBuildFile; fileRef = 90747B622B27611700C4140D /* AltACSTests.swift */; };
		90747B6D2B27611700C4140D /* AltACSUITests.swift in Sources */ = {isa = PBXBuildFile; fileRef = 90747B6C2B27611700C4140D /* AltACSUITests.swift */; };
		90747B6F2B27611700C4140D /* AltACSUITestsLaunchTests.swift in Sources */ = {isa = PBXBuildFile; fileRef = 90747B6E2B27611700C4140D /* AltACSUITestsLaunchTests.swift */; };
		90747B7F2B27615800C4140D /* TestComponent.swift in Sources */ = {isa = PBXBuildFile; fileRef = 90747B7C2B27615800C4140D /* TestComponent.swift */; };
		90747B802B27615800C4140D /* Task.swift in Sources */ = {isa = PBXBuildFile; fileRef = 90747B7D2B27615800C4140D /* Task.swift */; };
		90747B812B27615800C4140D /* TestSection.swift in Sources */ = {isa = PBXBuildFile; fileRef = 90747B7E2B27615800C4140D /* TestSection.swift */; };
		90747B882B27620C00C4140D /* TestItemSwiftUIView.swift in Sources */ = {isa = PBXBuildFile; fileRef = 90747B832B27620B00C4140D /* TestItemSwiftUIView.swift */; };
		90747B892B27620C00C4140D /* ContentView.swift in Sources */ = {isa = PBXBuildFile; fileRef = 90747B842B27620C00C4140D /* ContentView.swift */; };
		90747B8A2B27620C00C4140D /* SectionsSwiftUIView.swift in Sources */ = {isa = PBXBuildFile; fileRef = 90747B852B27620C00C4140D /* SectionsSwiftUIView.swift */; };
		90747B8B2B27620C00C4140D /* TaskItemSwiftUIView.swift in Sources */ = {isa = PBXBuildFile; fileRef = 90747B862B27620C00C4140D /* TaskItemSwiftUIView.swift */; };
		90747B8C2B27620C00C4140D /* TaskItemListSwiftUIView.swift in Sources */ = {isa = PBXBuildFile; fileRef = 90747B872B27620C00C4140D /* TaskItemListSwiftUIView.swift */; };
		90747B8F2B279BD900C4140D /* TaskFactory.swift in Sources */ = {isa = PBXBuildFile; fileRef = 90747B8E2B279BD900C4140D /* TaskFactory.swift */; };
		90747B912B279C4F00C4140D /* TaskFactory+PreFlightPrep.swift in Sources */ = {isa = PBXBuildFile; fileRef = 90747B902B279C4F00C4140D /* TaskFactory+PreFlightPrep.swift */; };
		90747B932B27B7E300C4140D /* TaskFactory+PreFlightProcedures.swift in Sources */ = {isa = PBXBuildFile; fileRef = 90747B922B27B7E300C4140D /* TaskFactory+PreFlightProcedures.swift */; };
		90747B952B27B82600C4140D /* TaskFactory+GoAround.swift in Sources */ = {isa = PBXBuildFile; fileRef = 90747B942B27B82600C4140D /* TaskFactory+GoAround.swift */; };
		90747B972B27C18900C4140D /* TaskFactory+Airport.swift in Sources */ = {isa = PBXBuildFile; fileRef = 90747B962B27C18900C4140D /* TaskFactory+Airport.swift */; };
		90747B992B27C2E800C4140D /* TaskFactory+Performance.swift in Sources */ = {isa = PBXBuildFile; fileRef = 90747B982B27C2E800C4140D /* TaskFactory+Performance.swift */; };
		90747B9B2B27E86900C4140D /* TaskFactory+Navigation.swift in Sources */ = {isa = PBXBuildFile; fileRef = 90747B9A2B27E86900C4140D /* TaskFactory+Navigation.swift */; };
		90747B9D2B27E89600C4140D /* TaskFactory+SlowFlight.swift in Sources */ = {isa = PBXBuildFile; fileRef = 90747B9C2B27E89600C4140D /* TaskFactory+SlowFlight.swift */; };
		90747B9F2B27E8AA00C4140D /* TaskFactory+Instruments.swift in Sources */ = {isa = PBXBuildFile; fileRef = 90747B9E2B27E8AA00C4140D /* TaskFactory+Instruments.swift */; };
		90747BA12B27E8C000C4140D /* TaskFactory+Emergency.swift in Sources */ = {isa = PBXBuildFile; fileRef = 90747BA02B27E8C000C4140D /* TaskFactory+Emergency.swift */; };
		90747BA32B27E8D200C4140D /* TaskFactory+Night.swift in Sources */ = {isa = PBXBuildFile; fileRef = 90747BA22B27E8D200C4140D /* TaskFactory+Night.swift */; };
		90747BA52B27E8E400C4140D /* TaskFactory+PostFlight.swift in Sources */ = {isa = PBXBuildFile; fileRef = 90747BA42B27E8E400C4140D /* TaskFactory+PostFlight.swift */; };
		908889792B28B42E0045318B /* SkillTestItemSwiftUIView.swift in Sources */ = {isa = PBXBuildFile; fileRef = 908889782B28B42E0045318B /* SkillTestItemSwiftUIView.swift */; };
/* End PBXBuildFile section */

/* Begin PBXContainerItemProxy section */
		90747B5F2B27611700C4140D /* PBXContainerItemProxy */ = {
			isa = PBXContainerItemProxy;
			containerPortal = 90747B462B27611600C4140D /* Project object */;
			proxyType = 1;
			remoteGlobalIDString = 90747B4D2B27611600C4140D;
			remoteInfo = AltACS;
		};
		90747B692B27611700C4140D /* PBXContainerItemProxy */ = {
			isa = PBXContainerItemProxy;
			containerPortal = 90747B462B27611600C4140D /* Project object */;
			proxyType = 1;
			remoteGlobalIDString = 90747B4D2B27611600C4140D;
			remoteInfo = AltACS;
		};
/* End PBXContainerItemProxy section */

/* Begin PBXFileReference section */
		90747B4E2B27611600C4140D /* AltACS.app */ = {isa = PBXFileReference; explicitFileType = wrapper.application; includeInIndex = 0; path = AltACS.app; sourceTree = BUILT_PRODUCTS_DIR; };
		90747B512B27611600C4140D /* AltACSApp.swift */ = {isa = PBXFileReference; lastKnownFileType = sourcecode.swift; path = AltACSApp.swift; sourceTree = "<group>"; };
		90747B552B27611700C4140D /* Assets.xcassets */ = {isa = PBXFileReference; lastKnownFileType = folder.assetcatalog; path = Assets.xcassets; sourceTree = "<group>"; };
		90747B582B27611700C4140D /* Preview Assets.xcassets */ = {isa = PBXFileReference; lastKnownFileType = folder.assetcatalog; path = "Preview Assets.xcassets"; sourceTree = "<group>"; };
		90747B5E2B27611700C4140D /* AltACSTests.xctest */ = {isa = PBXFileReference; explicitFileType = wrapper.cfbundle; includeInIndex = 0; path = AltACSTests.xctest; sourceTree = BUILT_PRODUCTS_DIR; };
		90747B622B27611700C4140D /* AltACSTests.swift */ = {isa = PBXFileReference; lastKnownFileType = sourcecode.swift; path = AltACSTests.swift; sourceTree = "<group>"; };
		90747B682B27611700C4140D /* AltACSUITests.xctest */ = {isa = PBXFileReference; explicitFileType = wrapper.cfbundle; includeInIndex = 0; path = AltACSUITests.xctest; sourceTree = BUILT_PRODUCTS_DIR; };
		90747B6C2B27611700C4140D /* AltACSUITests.swift */ = {isa = PBXFileReference; lastKnownFileType = sourcecode.swift; path = AltACSUITests.swift; sourceTree = "<group>"; };
		90747B6E2B27611700C4140D /* AltACSUITestsLaunchTests.swift */ = {isa = PBXFileReference; lastKnownFileType = sourcecode.swift; path = AltACSUITestsLaunchTests.swift; sourceTree = "<group>"; };
		90747B7C2B27615800C4140D /* TestComponent.swift */ = {isa = PBXFileReference; fileEncoding = 4; lastKnownFileType = sourcecode.swift; path = TestComponent.swift; sourceTree = "<group>"; };
		90747B7D2B27615800C4140D /* Task.swift */ = {isa = PBXFileReference; fileEncoding = 4; lastKnownFileType = sourcecode.swift; path = Task.swift; sourceTree = "<group>"; };
		90747B7E2B27615800C4140D /* TestSection.swift */ = {isa = PBXFileReference; fileEncoding = 4; lastKnownFileType = sourcecode.swift; path = TestSection.swift; sourceTree = "<group>"; };
		90747B832B27620B00C4140D /* TestItemSwiftUIView.swift */ = {isa = PBXFileReference; fileEncoding = 4; lastKnownFileType = sourcecode.swift; path = TestItemSwiftUIView.swift; sourceTree = "<group>"; };
		90747B842B27620C00C4140D /* ContentView.swift */ = {isa = PBXFileReference; fileEncoding = 4; lastKnownFileType = sourcecode.swift; path = ContentView.swift; sourceTree = "<group>"; };
		90747B852B27620C00C4140D /* SectionsSwiftUIView.swift */ = {isa = PBXFileReference; fileEncoding = 4; lastKnownFileType = sourcecode.swift; path = SectionsSwiftUIView.swift; sourceTree = "<group>"; };
		90747B862B27620C00C4140D /* TaskItemSwiftUIView.swift */ = {isa = PBXFileReference; fileEncoding = 4; lastKnownFileType = sourcecode.swift; path = TaskItemSwiftUIView.swift; sourceTree = "<group>"; };
		90747B872B27620C00C4140D /* TaskItemListSwiftUIView.swift */ = {isa = PBXFileReference; fileEncoding = 4; lastKnownFileType = sourcecode.swift; path = TaskItemListSwiftUIView.swift; sourceTree = "<group>"; };
		90747B8E2B279BD900C4140D /* TaskFactory.swift */ = {isa = PBXFileReference; lastKnownFileType = sourcecode.swift; path = TaskFactory.swift; sourceTree = "<group>"; };
		90747B902B279C4F00C4140D /* TaskFactory+PreFlightPrep.swift */ = {isa = PBXFileReference; lastKnownFileType = sourcecode.swift; path = "TaskFactory+PreFlightPrep.swift"; sourceTree = "<group>"; };
		90747B922B27B7E300C4140D /* TaskFactory+PreFlightProcedures.swift */ = {isa = PBXFileReference; lastKnownFileType = sourcecode.swift; path = "TaskFactory+PreFlightProcedures.swift"; sourceTree = "<group>"; };
		90747B942B27B82600C4140D /* TaskFactory+GoAround.swift */ = {isa = PBXFileReference; lastKnownFileType = sourcecode.swift; path = "TaskFactory+GoAround.swift"; sourceTree = "<group>"; };
		90747B962B27C18900C4140D /* TaskFactory+Airport.swift */ = {isa = PBXFileReference; lastKnownFileType = sourcecode.swift; path = "TaskFactory+Airport.swift"; sourceTree = "<group>"; };
		90747B982B27C2E800C4140D /* TaskFactory+Performance.swift */ = {isa = PBXFileReference; lastKnownFileType = sourcecode.swift; path = "TaskFactory+Performance.swift"; sourceTree = "<group>"; };
		90747B9A2B27E86900C4140D /* TaskFactory+Navigation.swift */ = {isa = PBXFileReference; lastKnownFileType = sourcecode.swift; path = "TaskFactory+Navigation.swift"; sourceTree = "<group>"; };
		90747B9C2B27E89600C4140D /* TaskFactory+SlowFlight.swift */ = {isa = PBXFileReference; lastKnownFileType = sourcecode.swift; path = "TaskFactory+SlowFlight.swift"; sourceTree = "<group>"; };
		90747B9E2B27E8AA00C4140D /* TaskFactory+Instruments.swift */ = {isa = PBXFileReference; lastKnownFileType = sourcecode.swift; path = "TaskFactory+Instruments.swift"; sourceTree = "<group>"; };
		90747BA02B27E8C000C4140D /* TaskFactory+Emergency.swift */ = {isa = PBXFileReference; lastKnownFileType = sourcecode.swift; path = "TaskFactory+Emergency.swift"; sourceTree = "<group>"; };
		90747BA22B27E8D200C4140D /* TaskFactory+Night.swift */ = {isa = PBXFileReference; lastKnownFileType = sourcecode.swift; path = "TaskFactory+Night.swift"; sourceTree = "<group>"; };
		90747BA42B27E8E400C4140D /* TaskFactory+PostFlight.swift */ = {isa = PBXFileReference; lastKnownFileType = sourcecode.swift; path = "TaskFactory+PostFlight.swift"; sourceTree = "<group>"; };
		908889782B28B42E0045318B /* SkillTestItemSwiftUIView.swift */ = {isa = PBXFileReference; lastKnownFileType = sourcecode.swift; path = SkillTestItemSwiftUIView.swift; sourceTree = "<group>"; };
/* End PBXFileReference section */

/* Begin PBXFrameworksBuildPhase section */
		90747B4B2B27611600C4140D /* Frameworks */ = {
			isa = PBXFrameworksBuildPhase;
			buildActionMask = 2147483647;
			files = (
			);
			runOnlyForDeploymentPostprocessing = 0;
		};
		90747B5B2B27611700C4140D /* Frameworks */ = {
			isa = PBXFrameworksBuildPhase;
			buildActionMask = 2147483647;
			files = (
			);
			runOnlyForDeploymentPostprocessing = 0;
		};
		90747B652B27611700C4140D /* Frameworks */ = {
			isa = PBXFrameworksBuildPhase;
			buildActionMask = 2147483647;
			files = (
			);
			runOnlyForDeploymentPostprocessing = 0;
		};
/* End PBXFrameworksBuildPhase section */

/* Begin PBXGroup section */
		90747B452B27611600C4140D = {
			isa = PBXGroup;
			children = (
				90747B502B27611600C4140D /* AltACS */,
				90747B612B27611700C4140D /* AltACSTests */,
				90747B6B2B27611700C4140D /* AltACSUITests */,
				90747B4F2B27611600C4140D /* Products */,
			);
			sourceTree = "<group>";
		};
		90747B4F2B27611600C4140D /* Products */ = {
			isa = PBXGroup;
			children = (
				90747B4E2B27611600C4140D /* AltACS.app */,
				90747B5E2B27611700C4140D /* AltACSTests.xctest */,
				90747B682B27611700C4140D /* AltACSUITests.xctest */,
			);
			name = Products;
			sourceTree = "<group>";
		};
		90747B502B27611600C4140D /* AltACS */ = {
			isa = PBXGroup;
			children = (
				90747B8D2B279BBC00C4140D /* Components */,
				90747B7B2B27613E00C4140D /* Models */,
				90747B512B27611600C4140D /* AltACSApp.swift */,
				90747B822B2761EF00C4140D /* Views */,
				90747B552B27611700C4140D /* Assets.xcassets */,
				90747B572B27611700C4140D /* Preview Content */,
			);
			path = AltACS;
			sourceTree = "<group>";
		};
		90747B572B27611700C4140D /* Preview Content */ = {
			isa = PBXGroup;
			children = (
				90747B582B27611700C4140D /* Preview Assets.xcassets */,
			);
			path = "Preview Content";
			sourceTree = "<group>";
		};
		90747B612B27611700C4140D /* AltACSTests */ = {
			isa = PBXGroup;
			children = (
				90747B622B27611700C4140D /* AltACSTests.swift */,
			);
			path = AltACSTests;
			sourceTree = "<group>";
		};
		90747B6B2B27611700C4140D /* AltACSUITests */ = {
			isa = PBXGroup;
			children = (
				90747B6C2B27611700C4140D /* AltACSUITests.swift */,
				90747B6E2B27611700C4140D /* AltACSUITestsLaunchTests.swift */,
			);
			path = AltACSUITests;
			sourceTree = "<group>";
		};
		90747B7B2B27613E00C4140D /* Models */ = {
			isa = PBXGroup;
			children = (
				90747B7E2B27615800C4140D /* TestSection.swift */,
				90747B7D2B27615800C4140D /* Task.swift */,
				90747B7C2B27615800C4140D /* TestComponent.swift */,
			);
			path = Models;
			sourceTree = "<group>";
		};
		90747B822B2761EF00C4140D /* Views */ = {
			isa = PBXGroup;
			children = (
				90747B842B27620C00C4140D /* ContentView.swift */,
				90747B852B27620C00C4140D /* SectionsSwiftUIView.swift */,
				90747B862B27620C00C4140D /* TaskItemSwiftUIView.swift */,
				90747B872B27620C00C4140D /* TaskItemListSwiftUIView.swift */,
				90747B832B27620B00C4140D /* TestItemSwiftUIView.swift */,
				908889782B28B42E0045318B /* SkillTestItemSwiftUIView.swift */,
			);
			path = Views;
			sourceTree = "<group>";
		};
		90747B8D2B279BBC00C4140D /* Components */ = {
			isa = PBXGroup;
			children = (
				90747B8E2B279BD900C4140D /* TaskFactory.swift */,
				90747B902B279C4F00C4140D /* TaskFactory+PreFlightPrep.swift */,
				90747B922B27B7E300C4140D /* TaskFactory+PreFlightProcedures.swift */,
				90747B962B27C18900C4140D /* TaskFactory+Airport.swift */,
				90747B942B27B82600C4140D /* TaskFactory+GoAround.swift */,
				90747B982B27C2E800C4140D /* TaskFactory+Performance.swift */,
				90747B9A2B27E86900C4140D /* TaskFactory+Navigation.swift */,
				90747B9C2B27E89600C4140D /* TaskFactory+SlowFlight.swift */,
				90747B9E2B27E8AA00C4140D /* TaskFactory+Instruments.swift */,
				90747BA02B27E8C000C4140D /* TaskFactory+Emergency.swift */,
				90747BA22B27E8D200C4140D /* TaskFactory+Night.swift */,
				90747BA42B27E8E400C4140D /* TaskFactory+PostFlight.swift */,
			);
			path = Components;
			sourceTree = "<group>";
		};
/* End PBXGroup section */

/* Begin PBXNativeTarget section */
		90747B4D2B27611600C4140D /* AltACS */ = {
			isa = PBXNativeTarget;
			buildConfigurationList = 90747B722B27611700C4140D /* Build configuration list for PBXNativeTarget "AltACS" */;
			buildPhases = (
				90747B4A2B27611600C4140D /* Sources */,
				90747B4B2B27611600C4140D /* Frameworks */,
				90747B4C2B27611600C4140D /* Resources */,
			);
			buildRules = (
			);
			dependencies = (
			);
			name = AltACS;
			productName = AltACS;
			productReference = 90747B4E2B27611600C4140D /* AltACS.app */;
			productType = "com.apple.product-type.application";
		};
		90747B5D2B27611700C4140D /* AltACSTests */ = {
			isa = PBXNativeTarget;
			buildConfigurationList = 90747B752B27611700C4140D /* Build configuration list for PBXNativeTarget "AltACSTests" */;
			buildPhases = (
				90747B5A2B27611700C4140D /* Sources */,
				90747B5B2B27611700C4140D /* Frameworks */,
				90747B5C2B27611700C4140D /* Resources */,
			);
			buildRules = (
			);
			dependencies = (
				90747B602B27611700C4140D /* PBXTargetDependency */,
			);
			name = AltACSTests;
			productName = AltACSTests;
			productReference = 90747B5E2B27611700C4140D /* AltACSTests.xctest */;
			productType = "com.apple.product-type.bundle.unit-test";
		};
		90747B672B27611700C4140D /* AltACSUITests */ = {
			isa = PBXNativeTarget;
			buildConfigurationList = 90747B782B27611700C4140D /* Build configuration list for PBXNativeTarget "AltACSUITests" */;
			buildPhases = (
				90747B642B27611700C4140D /* Sources */,
				90747B652B27611700C4140D /* Frameworks */,
				90747B662B27611700C4140D /* Resources */,
			);
			buildRules = (
			);
			dependencies = (
				90747B6A2B27611700C4140D /* PBXTargetDependency */,
			);
			name = AltACSUITests;
			productName = AltACSUITests;
			productReference = 90747B682B27611700C4140D /* AltACSUITests.xctest */;
			productType = "com.apple.product-type.bundle.ui-testing";
		};
/* End PBXNativeTarget section */

/* Begin PBXProject section */
		90747B462B27611600C4140D /* Project object */ = {
			isa = PBXProject;
			attributes = {
				BuildIndependentTargetsInParallel = 1;
				LastSwiftUpdateCheck = 1500;
				LastUpgradeCheck = 1500;
				TargetAttributes = {
					90747B4D2B27611600C4140D = {
						CreatedOnToolsVersion = 15.0.1;
					};
					90747B5D2B27611700C4140D = {
						CreatedOnToolsVersion = 15.0.1;
						TestTargetID = 90747B4D2B27611600C4140D;
					};
					90747B672B27611700C4140D = {
						CreatedOnToolsVersion = 15.0.1;
						TestTargetID = 90747B4D2B27611600C4140D;
					};
				};
			};
			buildConfigurationList = 90747B492B27611600C4140D /* Build configuration list for PBXProject "AltACS" */;
			compatibilityVersion = "Xcode 14.0";
			developmentRegion = en;
			hasScannedForEncodings = 0;
			knownRegions = (
				en,
				Base,
			);
			mainGroup = 90747B452B27611600C4140D;
			productRefGroup = 90747B4F2B27611600C4140D /* Products */;
			projectDirPath = "";
			projectRoot = "";
			targets = (
				90747B4D2B27611600C4140D /* AltACS */,
				90747B5D2B27611700C4140D /* AltACSTests */,
				90747B672B27611700C4140D /* AltACSUITests */,
			);
		};
/* End PBXProject section */

/* Begin PBXResourcesBuildPhase section */
		90747B4C2B27611600C4140D /* Resources */ = {
			isa = PBXResourcesBuildPhase;
			buildActionMask = 2147483647;
			files = (
				90747B592B27611700C4140D /* Preview Assets.xcassets in Resources */,
				90747B562B27611700C4140D /* Assets.xcassets in Resources */,
			);
			runOnlyForDeploymentPostprocessing = 0;
		};
		90747B5C2B27611700C4140D /* Resources */ = {
			isa = PBXResourcesBuildPhase;
			buildActionMask = 2147483647;
			files = (
			);
			runOnlyForDeploymentPostprocessing = 0;
		};
		90747B662B27611700C4140D /* Resources */ = {
			isa = PBXResourcesBuildPhase;
			buildActionMask = 2147483647;
			files = (
			);
			runOnlyForDeploymentPostprocessing = 0;
		};
/* End PBXResourcesBuildPhase section */

/* Begin PBXSourcesBuildPhase section */
		90747B4A2B27611600C4140D /* Sources */ = {
			isa = PBXSourcesBuildPhase;
			buildActionMask = 2147483647;
			files = (
				90747B952B27B82600C4140D /* TaskFactory+GoAround.swift in Sources */,
				90747B992B27C2E800C4140D /* TaskFactory+Performance.swift in Sources */,
				90747B802B27615800C4140D /* Task.swift in Sources */,
				90747B9D2B27E89600C4140D /* TaskFactory+SlowFlight.swift in Sources */,
				90747B882B27620C00C4140D /* TestItemSwiftUIView.swift in Sources */,
				90747B912B279C4F00C4140D /* TaskFactory+PreFlightPrep.swift in Sources */,
				90747B892B27620C00C4140D /* ContentView.swift in Sources */,
				90747BA12B27E8C000C4140D /* TaskFactory+Emergency.swift in Sources */,
				90747B7F2B27615800C4140D /* TestComponent.swift in Sources */,
				90747B8C2B27620C00C4140D /* TaskItemListSwiftUIView.swift in Sources */,
				90747BA32B27E8D200C4140D /* TaskFactory+Night.swift in Sources */,
				90747B972B27C18900C4140D /* TaskFactory+Airport.swift in Sources */,
				90747B9F2B27E8AA00C4140D /* TaskFactory+Instruments.swift in Sources */,
				90747B8B2B27620C00C4140D /* TaskItemSwiftUIView.swift in Sources */,
				90747B8A2B27620C00C4140D /* SectionsSwiftUIView.swift in Sources */,
				90747BA52B27E8E400C4140D /* TaskFactory+PostFlight.swift in Sources */,
				90747B8F2B279BD900C4140D /* TaskFactory.swift in Sources */,
				90747B522B27611600C4140D /* AltACSApp.swift in Sources */,
				90747B9B2B27E86900C4140D /* TaskFactory+Navigation.swift in Sources */,
				908889792B28B42E0045318B /* SkillTestItemSwiftUIView.swift in Sources */,
				90747B812B27615800C4140D /* TestSection.swift in Sources */,
				90747B932B27B7E300C4140D /* TaskFactory+PreFlightProcedures.swift in Sources */,
			);
			runOnlyForDeploymentPostprocessing = 0;
		};
		90747B5A2B27611700C4140D /* Sources */ = {
			isa = PBXSourcesBuildPhase;
			buildActionMask = 2147483647;
			files = (
				90747B632B27611700C4140D /* AltACSTests.swift in Sources */,
			);
			runOnlyForDeploymentPostprocessing = 0;
		};
		90747B642B27611700C4140D /* Sources */ = {
			isa = PBXSourcesBuildPhase;
			buildActionMask = 2147483647;
			files = (
				90747B6F2B27611700C4140D /* AltACSUITestsLaunchTests.swift in Sources */,
				90747B6D2B27611700C4140D /* AltACSUITests.swift in Sources */,
			);
			runOnlyForDeploymentPostprocessing = 0;
		};
/* End PBXSourcesBuildPhase section */

/* Begin PBXTargetDependency section */
		90747B602B27611700C4140D /* PBXTargetDependency */ = {
			isa = PBXTargetDependency;
			target = 90747B4D2B27611600C4140D /* AltACS */;
			targetProxy = 90747B5F2B27611700C4140D /* PBXContainerItemProxy */;
		};
		90747B6A2B27611700C4140D /* PBXTargetDependency */ = {
			isa = PBXTargetDependency;
			target = 90747B4D2B27611600C4140D /* AltACS */;
			targetProxy = 90747B692B27611700C4140D /* PBXContainerItemProxy */;
		};
/* End PBXTargetDependency section */

/* Begin XCBuildConfiguration section */
		90747B702B27611700C4140D /* Debug */ = {
			isa = XCBuildConfiguration;
			buildSettings = {
				ALWAYS_SEARCH_USER_PATHS = NO;
				ASSETCATALOG_COMPILER_GENERATE_SWIFT_ASSET_SYMBOL_EXTENSIONS = YES;
				CLANG_ANALYZER_NONNULL = YES;
				CLANG_ANALYZER_NUMBER_OBJECT_CONVERSION = YES_AGGRESSIVE;
				CLANG_CXX_LANGUAGE_STANDARD = "gnu++20";
				CLANG_ENABLE_MODULES = YES;
				CLANG_ENABLE_OBJC_ARC = YES;
				CLANG_ENABLE_OBJC_WEAK = YES;
				CLANG_WARN_BLOCK_CAPTURE_AUTORELEASING = YES;
				CLANG_WARN_BOOL_CONVERSION = YES;
				CLANG_WARN_COMMA = YES;
				CLANG_WARN_CONSTANT_CONVERSION = YES;
				CLANG_WARN_DEPRECATED_OBJC_IMPLEMENTATIONS = YES;
				CLANG_WARN_DIRECT_OBJC_ISA_USAGE = YES_ERROR;
				CLANG_WARN_DOCUMENTATION_COMMENTS = YES;
				CLANG_WARN_EMPTY_BODY = YES;
				CLANG_WARN_ENUM_CONVERSION = YES;
				CLANG_WARN_INFINITE_RECURSION = YES;
				CLANG_WARN_INT_CONVERSION = YES;
				CLANG_WARN_NON_LITERAL_NULL_CONVERSION = YES;
				CLANG_WARN_OBJC_IMPLICIT_RETAIN_SELF = YES;
				CLANG_WARN_OBJC_LITERAL_CONVERSION = YES;
				CLANG_WARN_OBJC_ROOT_CLASS = YES_ERROR;
				CLANG_WARN_QUOTED_INCLUDE_IN_FRAMEWORK_HEADER = YES;
				CLANG_WARN_RANGE_LOOP_ANALYSIS = YES;
				CLANG_WARN_STRICT_PROTOTYPES = YES;
				CLANG_WARN_SUSPICIOUS_MOVE = YES;
				CLANG_WARN_UNGUARDED_AVAILABILITY = YES_AGGRESSIVE;
				CLANG_WARN_UNREACHABLE_CODE = YES;
				CLANG_WARN__DUPLICATE_METHOD_MATCH = YES;
				COPY_PHASE_STRIP = NO;
				DEBUG_INFORMATION_FORMAT = dwarf;
				ENABLE_STRICT_OBJC_MSGSEND = YES;
				ENABLE_TESTABILITY = YES;
				ENABLE_USER_SCRIPT_SANDBOXING = YES;
				GCC_C_LANGUAGE_STANDARD = gnu17;
				GCC_DYNAMIC_NO_PIC = NO;
				GCC_NO_COMMON_BLOCKS = YES;
				GCC_OPTIMIZATION_LEVEL = 0;
				GCC_PREPROCESSOR_DEFINITIONS = (
					"DEBUG=1",
					"$(inherited)",
				);
				GCC_WARN_64_TO_32_BIT_CONVERSION = YES;
				GCC_WARN_ABOUT_RETURN_TYPE = YES_ERROR;
				GCC_WARN_UNDECLARED_SELECTOR = YES;
				GCC_WARN_UNINITIALIZED_AUTOS = YES_AGGRESSIVE;
				GCC_WARN_UNUSED_FUNCTION = YES;
				GCC_WARN_UNUSED_VARIABLE = YES;
				IPHONEOS_DEPLOYMENT_TARGET = 17.0;
				LOCALIZATION_PREFERS_STRING_CATALOGS = YES;
				MTL_ENABLE_DEBUG_INFO = INCLUDE_SOURCE;
				MTL_FAST_MATH = YES;
				ONLY_ACTIVE_ARCH = YES;
				SDKROOT = iphoneos;
				SWIFT_ACTIVE_COMPILATION_CONDITIONS = "DEBUG $(inherited)";
				SWIFT_OPTIMIZATION_LEVEL = "-Onone";
			};
			name = Debug;
		};
		90747B712B27611700C4140D /* Release */ = {
			isa = XCBuildConfiguration;
			buildSettings = {
				ALWAYS_SEARCH_USER_PATHS = NO;
				ASSETCATALOG_COMPILER_GENERATE_SWIFT_ASSET_SYMBOL_EXTENSIONS = YES;
				CLANG_ANALYZER_NONNULL = YES;
				CLANG_ANALYZER_NUMBER_OBJECT_CONVERSION = YES_AGGRESSIVE;
				CLANG_CXX_LANGUAGE_STANDARD = "gnu++20";
				CLANG_ENABLE_MODULES = YES;
				CLANG_ENABLE_OBJC_ARC = YES;
				CLANG_ENABLE_OBJC_WEAK = YES;
				CLANG_WARN_BLOCK_CAPTURE_AUTORELEASING = YES;
				CLANG_WARN_BOOL_CONVERSION = YES;
				CLANG_WARN_COMMA = YES;
				CLANG_WARN_CONSTANT_CONVERSION = YES;
				CLANG_WARN_DEPRECATED_OBJC_IMPLEMENTATIONS = YES;
				CLANG_WARN_DIRECT_OBJC_ISA_USAGE = YES_ERROR;
				CLANG_WARN_DOCUMENTATION_COMMENTS = YES;
				CLANG_WARN_EMPTY_BODY = YES;
				CLANG_WARN_ENUM_CONVERSION = YES;
				CLANG_WARN_INFINITE_RECURSION = YES;
				CLANG_WARN_INT_CONVERSION = YES;
				CLANG_WARN_NON_LITERAL_NULL_CONVERSION = YES;
				CLANG_WARN_OBJC_IMPLICIT_RETAIN_SELF = YES;
				CLANG_WARN_OBJC_LITERAL_CONVERSION = YES;
				CLANG_WARN_OBJC_ROOT_CLASS = YES_ERROR;
				CLANG_WARN_QUOTED_INCLUDE_IN_FRAMEWORK_HEADER = YES;
				CLANG_WARN_RANGE_LOOP_ANALYSIS = YES;
				CLANG_WARN_STRICT_PROTOTYPES = YES;
				CLANG_WARN_SUSPICIOUS_MOVE = YES;
				CLANG_WARN_UNGUARDED_AVAILABILITY = YES_AGGRESSIVE;
				CLANG_WARN_UNREACHABLE_CODE = YES;
				CLANG_WARN__DUPLICATE_METHOD_MATCH = YES;
				COPY_PHASE_STRIP = NO;
				DEBUG_INFORMATION_FORMAT = "dwarf-with-dsym";
				ENABLE_NS_ASSERTIONS = NO;
				ENABLE_STRICT_OBJC_MSGSEND = YES;
				ENABLE_USER_SCRIPT_SANDBOXING = YES;
				GCC_C_LANGUAGE_STANDARD = gnu17;
				GCC_NO_COMMON_BLOCKS = YES;
				GCC_WARN_64_TO_32_BIT_CONVERSION = YES;
				GCC_WARN_ABOUT_RETURN_TYPE = YES_ERROR;
				GCC_WARN_UNDECLARED_SELECTOR = YES;
				GCC_WARN_UNINITIALIZED_AUTOS = YES_AGGRESSIVE;
				GCC_WARN_UNUSED_FUNCTION = YES;
				GCC_WARN_UNUSED_VARIABLE = YES;
				IPHONEOS_DEPLOYMENT_TARGET = 17.0;
				LOCALIZATION_PREFERS_STRING_CATALOGS = YES;
				MTL_ENABLE_DEBUG_INFO = NO;
				MTL_FAST_MATH = YES;
				SDKROOT = iphoneos;
				SWIFT_COMPILATION_MODE = wholemodule;
				VALIDATE_PRODUCT = YES;
			};
			name = Release;
		};
		90747B732B27611700C4140D /* Debug */ = {
			isa = XCBuildConfiguration;
			buildSettings = {
				ASSETCATALOG_COMPILER_APPICON_NAME = AppIcon;
				ASSETCATALOG_COMPILER_GLOBAL_ACCENT_COLOR_NAME = AccentColor;
				CODE_SIGN_STYLE = Automatic;
				CURRENT_PROJECT_VERSION = 1;
				DEVELOPMENT_ASSET_PATHS = "\"AltACS/Preview Content\"";
				DEVELOPMENT_TEAM = 4MAEKVPSTZ;
				ENABLE_PREVIEWS = YES;
				GENERATE_INFOPLIST_FILE = YES;
				INFOPLIST_KEY_CFBundleDisplayName = ACS;
				INFOPLIST_KEY_UIApplicationSceneManifest_Generation = YES;
				INFOPLIST_KEY_UIApplicationSupportsIndirectInputEvents = YES;
				INFOPLIST_KEY_UILaunchScreen_Generation = YES;
				INFOPLIST_KEY_UISupportedInterfaceOrientations_iPad = "UIInterfaceOrientationPortrait UIInterfaceOrientationPortraitUpsideDown UIInterfaceOrientationLandscapeLeft UIInterfaceOrientationLandscapeRight";
				INFOPLIST_KEY_UISupportedInterfaceOrientations_iPhone = "UIInterfaceOrientationPortrait UIInterfaceOrientationLandscapeLeft UIInterfaceOrientationLandscapeRight";
				LD_RUNPATH_SEARCH_PATHS = (
					"$(inherited)",
					"@executable_path/Frameworks",
				);
				MARKETING_VERSION = 1.0;
				PRODUCT_BUNDLE_IDENTIFIER = com.customsoftware.AltACS;
				PRODUCT_NAME = "$(TARGET_NAME)";
				SWIFT_EMIT_LOC_STRINGS = YES;
				SWIFT_VERSION = 5.0;
				TARGETED_DEVICE_FAMILY = "1,2";
			};
			name = Debug;
		};
		90747B742B27611700C4140D /* Release */ = {
			isa = XCBuildConfiguration;
			buildSettings = {
				ASSETCATALOG_COMPILER_APPICON_NAME = AppIcon;
				ASSETCATALOG_COMPILER_GLOBAL_ACCENT_COLOR_NAME = AccentColor;
				CODE_SIGN_STYLE = Automatic;
				CURRENT_PROJECT_VERSION = 1;
				DEVELOPMENT_ASSET_PATHS = "\"AltACS/Preview Content\"";
				DEVELOPMENT_TEAM = 4MAEKVPSTZ;
				ENABLE_PREVIEWS = YES;
				GENERATE_INFOPLIST_FILE = YES;
				INFOPLIST_KEY_CFBundleDisplayName = ACS;
				INFOPLIST_KEY_UIApplicationSceneManifest_Generation = YES;
				INFOPLIST_KEY_UIApplicationSupportsIndirectInputEvents = YES;
				INFOPLIST_KEY_UILaunchScreen_Generation = YES;
				INFOPLIST_KEY_UISupportedInterfaceOrientations_iPad = "UIInterfaceOrientationPortrait UIInterfaceOrientationPortraitUpsideDown UIInterfaceOrientationLandscapeLeft UIInterfaceOrientationLandscapeRight";
				INFOPLIST_KEY_UISupportedInterfaceOrientations_iPhone = "UIInterfaceOrientationPortrait UIInterfaceOrientationLandscapeLeft UIInterfaceOrientationLandscapeRight";
				LD_RUNPATH_SEARCH_PATHS = (
					"$(inherited)",
					"@executable_path/Frameworks",
				);
				MARKETING_VERSION = 1.0;
				PRODUCT_BUNDLE_IDENTIFIER = com.customsoftware.AltACS;
				PRODUCT_NAME = "$(TARGET_NAME)";
				SWIFT_EMIT_LOC_STRINGS = YES;
				SWIFT_VERSION = 5.0;
				TARGETED_DEVICE_FAMILY = "1,2";
			};
			name = Release;
		};
		90747B762B27611700C4140D /* Debug */ = {
			isa = XCBuildConfiguration;
			buildSettings = {
				ALWAYS_EMBED_SWIFT_STANDARD_LIBRARIES = YES;
				BUNDLE_LOADER = "$(TEST_HOST)";
				CODE_SIGN_STYLE = Automatic;
				CURRENT_PROJECT_VERSION = 1;
				DEVELOPMENT_TEAM = 4MAEKVPSTZ;
				GENERATE_INFOPLIST_FILE = YES;
				IPHONEOS_DEPLOYMENT_TARGET = 17.0;
				MARKETING_VERSION = 1.0;
				PRODUCT_BUNDLE_IDENTIFIER = com.customsoftware.AltACSTests;
				PRODUCT_NAME = "$(TARGET_NAME)";
				SWIFT_EMIT_LOC_STRINGS = NO;
				SWIFT_VERSION = 5.0;
				TARGETED_DEVICE_FAMILY = "1,2";
				TEST_HOST = "$(BUILT_PRODUCTS_DIR)/AltACS.app/$(BUNDLE_EXECUTABLE_FOLDER_PATH)/AltACS";
			};
			name = Debug;
		};
		90747B772B27611700C4140D /* Release */ = {
			isa = XCBuildConfiguration;
			buildSettings = {
				ALWAYS_EMBED_SWIFT_STANDARD_LIBRARIES = YES;
				BUNDLE_LOADER = "$(TEST_HOST)";
				CODE_SIGN_STYLE = Automatic;
				CURRENT_PROJECT_VERSION = 1;
				DEVELOPMENT_TEAM = 4MAEKVPSTZ;
				GENERATE_INFOPLIST_FILE = YES;
				IPHONEOS_DEPLOYMENT_TARGET = 17.0;
				MARKETING_VERSION = 1.0;
				PRODUCT_BUNDLE_IDENTIFIER = com.customsoftware.AltACSTests;
				PRODUCT_NAME = "$(TARGET_NAME)";
				SWIFT_EMIT_LOC_STRINGS = NO;
				SWIFT_VERSION = 5.0;
				TARGETED_DEVICE_FAMILY = "1,2";
				TEST_HOST = "$(BUILT_PRODUCTS_DIR)/AltACS.app/$(BUNDLE_EXECUTABLE_FOLDER_PATH)/AltACS";
			};
			name = Release;
		};
		90747B792B27611700C4140D /* Debug */ = {
			isa = XCBuildConfiguration;
			buildSettings = {
				ALWAYS_EMBED_SWIFT_STANDARD_LIBRARIES = YES;
				CODE_SIGN_STYLE = Automatic;
				CURRENT_PROJECT_VERSION = 1;
				DEVELOPMENT_TEAM = 4MAEKVPSTZ;
				GENERATE_INFOPLIST_FILE = YES;
				MARKETING_VERSION = 1.0;
				PRODUCT_BUNDLE_IDENTIFIER = com.customsoftware.AltACSUITests;
				PRODUCT_NAME = "$(TARGET_NAME)";
				SWIFT_EMIT_LOC_STRINGS = NO;
				SWIFT_VERSION = 5.0;
				TARGETED_DEVICE_FAMILY = "1,2";
				TEST_TARGET_NAME = AltACS;
			};
			name = Debug;
		};
		90747B7A2B27611700C4140D /* Release */ = {
			isa = XCBuildConfiguration;
			buildSettings = {
				ALWAYS_EMBED_SWIFT_STANDARD_LIBRARIES = YES;
				CODE_SIGN_STYLE = Automatic;
				CURRENT_PROJECT_VERSION = 1;
				DEVELOPMENT_TEAM = 4MAEKVPSTZ;
				GENERATE_INFOPLIST_FILE = YES;
				MARKETING_VERSION = 1.0;
				PRODUCT_BUNDLE_IDENTIFIER = com.customsoftware.AltACSUITests;
				PRODUCT_NAME = "$(TARGET_NAME)";
				SWIFT_EMIT_LOC_STRINGS = NO;
				SWIFT_VERSION = 5.0;
				TARGETED_DEVICE_FAMILY = "1,2";
				TEST_TARGET_NAME = AltACS;
			};
			name = Release;
		};
/* End XCBuildConfiguration section */

/* Begin XCConfigurationList section */
		90747B492B27611600C4140D /* Build configuration list for PBXProject "AltACS" */ = {
			isa = XCConfigurationList;
			buildConfigurations = (
				90747B702B27611700C4140D /* Debug */,
				90747B712B27611700C4140D /* Release */,
			);
			defaultConfigurationIsVisible = 0;
			defaultConfigurationName = Release;
		};
		90747B722B27611700C4140D /* Build configuration list for PBXNativeTarget "AltACS" */ = {
			isa = XCConfigurationList;
			buildConfigurations = (
				90747B732B27611700C4140D /* Debug */,
				90747B742B27611700C4140D /* Release */,
			);
			defaultConfigurationIsVisible = 0;
			defaultConfigurationName = Release;
		};
		90747B752B27611700C4140D /* Build configuration list for PBXNativeTarget "AltACSTests" */ = {
			isa = XCConfigurationList;
			buildConfigurations = (
				90747B762B27611700C4140D /* Debug */,
				90747B772B27611700C4140D /* Release */,
			);
			defaultConfigurationIsVisible = 0;
			defaultConfigurationName = Release;
		};
		90747B782B27611700C4140D /* Build configuration list for PBXNativeTarget "AltACSUITests" */ = {
			isa = XCConfigurationList;
			buildConfigurations = (
				90747B792B27611700C4140D /* Debug */,
				90747B7A2B27611700C4140D /* Release */,
			);
			defaultConfigurationIsVisible = 0;
			defaultConfigurationName = Release;
		};
/* End XCConfigurationList section */
	};
	rootObject = 90747B462B27611600C4140D /* Project object */;
}
